{
  "object": {
    "pins": [
      {
        "package": "Defaults",
        "repositoryURL": "https://github.com/sindresorhus/Defaults",
        "state": {
          "branch": "main",
          "revision": "d71bfd8ffbf944ef08eacbca5fb96d6f69bf7696",
          "version": null
        }
      },
      {
        "package": "swiftui-cached-async-image",
        "repositoryURL": "https://github.com/lorenzofiamingo/swiftui-cached-async-image",
        "state": {
          "branch": "main",
          "revision": "f94be38411297c71aa8df69c6875127e6d8d7a92",
          "version": null
        }
      }
    ]
  },
  "version": 1
}
