{
  "pins" : [
    {
      "identity" : "git-macos",
      "kind" : "remoteSourceControl",
      "location" : "https://github.com/way-to-code/git-macos.git",
      "state" : {
        "branch" : "master",
        "revision" : "72a0065a440cc10fb2f0026fba126b81b468ab4b"
      }
    }
  ],
  "version" : 2
}
